// !$*UTF8*$!
{
	archiveVersion = 1;
	classes = {
	};
	objectVersion = 50;
	objects = {

/* Begin PBXBuildFile section */
		B7373661266B9E5C00CFED10 /* GradientView.swift in Sources */ = {isa = PBXBuildFile; fileRef = B7373660266B9E5C00CFED10 /* GradientView.swift */; };
		B7373664266BA36200CFED10 /* BounceAnimationController.swift in Sources */ = {isa = PBXBuildFile; fileRef = B7373663266BA36200CFED10 /* BounceAnimationController.swift */; };
		B7373667266BA86900CFED10 /* SlideOutAnimationController.swift in Sources */ = {isa = PBXBuildFile; fileRef = B7373666266BA86900CFED10 /* SlideOutAnimationController.swift */; };
		B737366A266BBE3100CFED10 /* LandscapeViewController.swift in Sources */ = {isa = PBXBuildFile; fileRef = B7373669266BBE3100CFED10 /* LandscapeViewController.swift */; };
		B737366E266BE4D400CFED10 /* FadeOutAnitmationController.swift in Sources */ = {isa = PBXBuildFile; fileRef = B737366D266BE4D300CFED10 /* FadeOutAnitmationController.swift */; };
		B7BB81E72665650E00435CA5 /* SearchResultCell.swift in Sources */ = {isa = PBXBuildFile; fileRef = B7BB81E62665650E00435CA5 /* SearchResultCell.swift */; };
		B7BB81EA26656D6C00435CA5 /* NothingFoundCell.xib in Resources */ = {isa = PBXBuildFile; fileRef = B7BB81E926656D6C00435CA5 /* NothingFoundCell.xib */; };
		B7C6DD942667FB7900B8547E /* LoadingCell.xib in Resources */ = {isa = PBXBuildFile; fileRef = B7C6DD932667FB7900B8547E /* LoadingCell.xib */; };
		B7C75782266188DC00B91BD4 /* AppDelegate.swift in Sources */ = {isa = PBXBuildFile; fileRef = B7C75781266188DC00B91BD4 /* AppDelegate.swift */; };
		B7C75784266188DC00B91BD4 /* SceneDelegate.swift in Sources */ = {isa = PBXBuildFile; fileRef = B7C75783266188DC00B91BD4 /* SceneDelegate.swift */; };
		B7C75786266188DC00B91BD4 /* SearchViewController.swift in Sources */ = {isa = PBXBuildFile; fileRef = B7C75785266188DC00B91BD4 /* SearchViewController.swift */; };
		B7C75789266188DC00B91BD4 /* Main.storyboard in Resources */ = {isa = PBXBuildFile; fileRef = B7C75787266188DC00B91BD4 /* Main.storyboard */; };
		B7C7578B266188DF00B91BD4 /* Assets.xcassets in Resources */ = {isa = PBXBuildFile; fileRef = B7C7578A266188DF00B91BD4 /* Assets.xcassets */; };
		B7D9FE692662C4FD00458DFD /* SearchResult.swift in Sources */ = {isa = PBXBuildFile; fileRef = B7D9FE682662C4FD00458DFD /* SearchResult.swift */; };
		B7EF5361266A97BB00308E72 /* UIImageView+DownloadImage.swift in Sources */ = {isa = PBXBuildFile; fileRef = B7EF5360266A97BB00308E72 /* UIImageView+DownloadImage.swift */; };
		B7EF5367266ABD3000308E72 /* DetailViewController.swift in Sources */ = {isa = PBXBuildFile; fileRef = B7EF5366266ABD3000308E72 /* DetailViewController.swift */; };
		B7EF536B266AC56700308E72 /* DimmingPresentationController.swift in Sources */ = {isa = PBXBuildFile; fileRef = B7EF536A266AC56700308E72 /* DimmingPresentationController.swift */; };
		B7F40E9626642EAB008824E7 /* SearchResultCell.xib in Resources */ = {isa = PBXBuildFile; fileRef = B7F40E9526642EAB008824E7 /* SearchResultCell.xib */; };
/* End PBXBuildFile section */

/* Begin PBXFileReference section */
		B7373660266B9E5C00CFED10 /* GradientView.swift */ = {isa = PBXFileReference; lastKnownFileType = sourcecode.swift; path = GradientView.swift; sourceTree = "<group>"; };
		B7373663266BA36200CFED10 /* BounceAnimationController.swift */ = {isa = PBXFileReference; lastKnownFileType = sourcecode.swift; path = BounceAnimationController.swift; sourceTree = "<group>"; };
		B7373666266BA86900CFED10 /* SlideOutAnimationController.swift */ = {isa = PBXFileReference; lastKnownFileType = sourcecode.swift; path = SlideOutAnimationController.swift; sourceTree = "<group>"; };
		B7373669266BBE3100CFED10 /* LandscapeViewController.swift */ = {isa = PBXFileReference; lastKnownFileType = sourcecode.swift; path = LandscapeViewController.swift; sourceTree = "<group>"; };
		B737366D266BE4D300CFED10 /* FadeOutAnitmationController.swift */ = {isa = PBXFileReference; lastKnownFileType = sourcecode.swift; path = FadeOutAnitmationController.swift; sourceTree = "<group>"; };
		B7BB81E62665650E00435CA5 /* SearchResultCell.swift */ = {isa = PBXFileReference; lastKnownFileType = sourcecode.swift; path = SearchResultCell.swift; sourceTree = "<group>"; };
		B7BB81E926656D6C00435CA5 /* NothingFoundCell.xib */ = {isa = PBXFileReference; lastKnownFileType = file.xib; path = NothingFoundCell.xib; sourceTree = "<group>"; };
		B7C6DD932667FB7900B8547E /* LoadingCell.xib */ = {isa = PBXFileReference; lastKnownFileType = file.xib; path = LoadingCell.xib; sourceTree = "<group>"; };
		B7C7577E266188DC00B91BD4 /* StoreSearch.app */ = {isa = PBXFileReference; explicitFileType = wrapper.application; includeInIndex = 0; path = StoreSearch.app; sourceTree = BUILT_PRODUCTS_DIR; };
		B7C75781266188DC00B91BD4 /* AppDelegate.swift */ = {isa = PBXFileReference; lastKnownFileType = sourcecode.swift; path = AppDelegate.swift; sourceTree = "<group>"; };
		B7C75783266188DC00B91BD4 /* SceneDelegate.swift */ = {isa = PBXFileReference; lastKnownFileType = sourcecode.swift; path = SceneDelegate.swift; sourceTree = "<group>"; };
		B7C75785266188DC00B91BD4 /* SearchViewController.swift */ = {isa = PBXFileReference; lastKnownFileType = sourcecode.swift; path = SearchViewController.swift; sourceTree = "<group>"; };
		B7C75788266188DC00B91BD4 /* Base */ = {isa = PBXFileReference; lastKnownFileType = file.storyboard; name = Base; path = Base.lproj/Main.storyboard; sourceTree = "<group>"; };
		B7C7578A266188DF00B91BD4 /* Assets.xcassets */ = {isa = PBXFileReference; lastKnownFileType = folder.assetcatalog; path = Assets.xcassets; sourceTree = "<group>"; };
		B7C7578F266188DF00B91BD4 /* Info.plist */ = {isa = PBXFileReference; lastKnownFileType = text.plist.xml; path = Info.plist; sourceTree = "<group>"; };
		B7D9FE682662C4FD00458DFD /* SearchResult.swift */ = {isa = PBXFileReference; lastKnownFileType = sourcecode.swift; path = SearchResult.swift; sourceTree = "<group>"; };
		B7EF5360266A97BB00308E72 /* UIImageView+DownloadImage.swift */ = {isa = PBXFileReference; lastKnownFileType = sourcecode.swift; path = "UIImageView+DownloadImage.swift"; sourceTree = "<group>"; };
		B7EF5366266ABD3000308E72 /* DetailViewController.swift */ = {isa = PBXFileReference; lastKnownFileType = sourcecode.swift; path = DetailViewController.swift; sourceTree = "<group>"; };
		B7EF536A266AC56700308E72 /* DimmingPresentationController.swift */ = {isa = PBXFileReference; lastKnownFileType = sourcecode.swift; path = DimmingPresentationController.swift; sourceTree = "<group>"; };
		B7F40E9526642EAB008824E7 /* SearchResultCell.xib */ = {isa = PBXFileReference; lastKnownFileType = file.xib; path = SearchResultCell.xib; sourceTree = "<group>"; };
/* End PBXFileReference section */

/* Begin PBXFrameworksBuildPhase section */
		B7C7577B266188DC00B91BD4 /* Frameworks */ = {
			isa = PBXFrameworksBuildPhase;
			buildActionMask = 2147483647;
			files = (
			);
			runOnlyForDeploymentPostprocessing = 0;
		};
/* End PBXFrameworksBuildPhase section */

/* Begin PBXGroup section */
		B7C75775266188DC00B91BD4 = {
			isa = PBXGroup;
			children = (
				B7C75780266188DC00B91BD4 /* StoreSearch */,
				B7C7577F266188DC00B91BD4 /* Products */,
			);
			sourceTree = "<group>";
		};
		B7C7577F266188DC00B91BD4 /* Products */ = {
			isa = PBXGroup;
			children = (
				B7C7577E266188DC00B91BD4 /* StoreSearch.app */,
			);
			name = Products;
			sourceTree = "<group>";
		};
		B7C75780266188DC00B91BD4 /* StoreSearch */ = {
			isa = PBXGroup;
			children = (
				B7D9FE672662C49A00458DFD /* Supporting Files */,
				B7D9FE662662C49400458DFD /* Controllers */,
				B7D9FE652662C48500458DFD /* View */,
				B7D9FE642662C48000458DFD /* Model */,
			);
			path = StoreSearch;
			sourceTree = "<group>";
		};
		B7D9FE642662C48000458DFD /* Model */ = {
			isa = PBXGroup;
			children = (
				B7D9FE682662C4FD00458DFD /* SearchResult.swift */,
			);
			path = Model;
			sourceTree = "<group>";
		};
		B7D9FE652662C48500458DFD /* View */ = {
			isa = PBXGroup;
			children = (
				B7EF5365266ABAB400308E72 /* Nib views */,
				B7BB81E62665650E00435CA5 /* SearchResultCell.swift */,
				B7EF5360266A97BB00308E72 /* UIImageView+DownloadImage.swift */,
				B7373660266B9E5C00CFED10 /* GradientView.swift */,
				B7373663266BA36200CFED10 /* BounceAnimationController.swift */,
				B7373666266BA86900CFED10 /* SlideOutAnimationController.swift */,
				B737366D266BE4D300CFED10 /* FadeOutAnitmationController.swift */,
			);
			path = View;
			sourceTree = "<group>";
		};
		B7D9FE662662C49400458DFD /* Controllers */ = {
			isa = PBXGroup;
			children = (
				B7C75785266188DC00B91BD4 /* SearchViewController.swift */,
				B7EF5366266ABD3000308E72 /* DetailViewController.swift */,
				B7EF536A266AC56700308E72 /* DimmingPresentationController.swift */,
				B7373669266BBE3100CFED10 /* LandscapeViewController.swift */,
			);
			path = Controllers;
			sourceTree = "<group>";
		};
		B7D9FE672662C49A00458DFD /* Supporting Files */ = {
			isa = PBXGroup;
			children = (
				B7C75781266188DC00B91BD4 /* AppDelegate.swift */,
				B7C75783266188DC00B91BD4 /* SceneDelegate.swift */,
				B7C75787266188DC00B91BD4 /* Main.storyboard */,
				B7C7578A266188DF00B91BD4 /* Assets.xcassets */,
				B7C7578F266188DF00B91BD4 /* Info.plist */,
			);
			path = "Supporting Files";
			sourceTree = "<group>";
		};
		B7EF5365266ABAB400308E72 /* Nib views */ = {
			isa = PBXGroup;
			children = (
				B7F40E9526642EAB008824E7 /* SearchResultCell.xib */,
				B7BB81E926656D6C00435CA5 /* NothingFoundCell.xib */,
				B7C6DD932667FB7900B8547E /* LoadingCell.xib */,
			);
			path = "Nib views";
			sourceTree = "<group>";
		};
/* End PBXGroup section */

/* Begin PBXNativeTarget section */
		B7C7577D266188DC00B91BD4 /* StoreSearch */ = {
			isa = PBXNativeTarget;
			buildConfigurationList = B7C75792266188DF00B91BD4 /* Build configuration list for PBXNativeTarget "StoreSearch" */;
			buildPhases = (
				B7C7577A266188DC00B91BD4 /* Sources */,
				B7C7577B266188DC00B91BD4 /* Frameworks */,
				B7C7577C266188DC00B91BD4 /* Resources */,
			);
			buildRules = (
			);
			dependencies = (
			);
			name = StoreSearch;
			productName = StoreSearch;
			productReference = B7C7577E266188DC00B91BD4 /* StoreSearch.app */;
			productType = "com.apple.product-type.application";
		};
/* End PBXNativeTarget section */

/* Begin PBXProject section */
		B7C75776266188DC00B91BD4 /* Project object */ = {
			isa = PBXProject;
			attributes = {
				LastSwiftUpdateCheck = 1240;
				LastUpgradeCheck = 1240;
				TargetAttributes = {
					B7C7577D266188DC00B91BD4 = {
						CreatedOnToolsVersion = 12.4;
					};
				};
			};
			buildConfigurationList = B7C75779266188DC00B91BD4 /* Build configuration list for PBXProject "StoreSearch" */;
			compatibilityVersion = "Xcode 9.3";
			developmentRegion = en;
			hasScannedForEncodings = 0;
			knownRegions = (
				en,
				Base,
			);
			mainGroup = B7C75775266188DC00B91BD4;
			productRefGroup = B7C7577F266188DC00B91BD4 /* Products */;
			projectDirPath = "";
			projectRoot = "";
			targets = (
				B7C7577D266188DC00B91BD4 /* StoreSearch */,
			);
		};
/* End PBXProject section */

/* Begin PBXResourcesBuildPhase section */
		B7C7577C266188DC00B91BD4 /* Resources */ = {
			isa = PBXResourcesBuildPhase;
			buildActionMask = 2147483647;
			files = (
				B7C7578B266188DF00B91BD4 /* Assets.xcassets in Resources */,
				B7C6DD942667FB7900B8547E /* LoadingCell.xib in Resources */,
				B7F40E9626642EAB008824E7 /* SearchResultCell.xib in Resources */,
				B7BB81EA26656D6C00435CA5 /* NothingFoundCell.xib in Resources */,
				B7C75789266188DC00B91BD4 /* Main.storyboard in Resources */,
			);
			runOnlyForDeploymentPostprocessing = 0;
		};
/* End PBXResourcesBuildPhase section */

/* Begin PBXSourcesBuildPhase section */
		B7C7577A266188DC00B91BD4 /* Sources */ = {
			isa = PBXSourcesBuildPhase;
			buildActionMask = 2147483647;
			files = (
				B7C75786266188DC00B91BD4 /* SearchViewController.swift in Sources */,
				B7C75782266188DC00B91BD4 /* AppDelegate.swift in Sources */,
				B7EF5361266A97BB00308E72 /* UIImageView+DownloadImage.swift in Sources */,
				B7EF536B266AC56700308E72 /* DimmingPresentationController.swift in Sources */,
				B7373664266BA36200CFED10 /* BounceAnimationController.swift in Sources */,
				B737366E266BE4D400CFED10 /* FadeOutAnitmationController.swift in Sources */,
				B7D9FE692662C4FD00458DFD /* SearchResult.swift in Sources */,
				B7C75784266188DC00B91BD4 /* SceneDelegate.swift in Sources */,
				B7BB81E72665650E00435CA5 /* SearchResultCell.swift in Sources */,
				B7373667266BA86900CFED10 /* SlideOutAnimationController.swift in Sources */,
				B7EF5367266ABD3000308E72 /* DetailViewController.swift in Sources */,
				B737366A266BBE3100CFED10 /* LandscapeViewController.swift in Sources */,
				B7373661266B9E5C00CFED10 /* GradientView.swift in Sources */,
			);
			runOnlyForDeploymentPostprocessing = 0;
		};
/* End PBXSourcesBuildPhase section */

/* Begin PBXVariantGroup section */
		B7C75787266188DC00B91BD4 /* Main.storyboard */ = {
			isa = PBXVariantGroup;
			children = (
				B7C75788266188DC00B91BD4 /* Base */,
			);
			name = Main.storyboard;
			sourceTree = "<group>";
		};
/* End PBXVariantGroup section */

/* Begin XCBuildConfiguration section */
		B7C75790266188DF00B91BD4 /* Debug */ = {
			isa = XCBuildConfiguration;
			buildSettings = {
				ALWAYS_SEARCH_USER_PATHS = NO;
				CLANG_ANALYZER_NONNULL = YES;
				CLANG_ANALYZER_NUMBER_OBJECT_CONVERSION = YES_AGGRESSIVE;
				CLANG_CXX_LANGUAGE_STANDARD = "gnu++14";
				CLANG_CXX_LIBRARY = "libc++";
				CLANG_ENABLE_MODULES = YES;
				CLANG_ENABLE_OBJC_ARC = YES;
				CLANG_ENABLE_OBJC_WEAK = YES;
				CLANG_WARN_BLOCK_CAPTURE_AUTORELEASING = YES;
				CLANG_WARN_BOOL_CONVERSION = YES;
				CLANG_WARN_COMMA = YES;
				CLANG_WARN_CONSTANT_CONVERSION = YES;
				CLANG_WARN_DEPRECATED_OBJC_IMPLEMENTATIONS = YES;
				CLANG_WARN_DIRECT_OBJC_ISA_USAGE = YES_ERROR;
				CLANG_WARN_DOCUMENTATION_COMMENTS = YES;
				CLANG_WARN_EMPTY_BODY = YES;
				CLANG_WARN_ENUM_CONVERSION = YES;
				CLANG_WARN_INFINITE_RECURSION = YES;
				CLANG_WARN_INT_CONVERSION = YES;
				CLANG_WARN_NON_LITERAL_NULL_CONVERSION = YES;
				CLANG_WARN_OBJC_IMPLICIT_RETAIN_SELF = YES;
				CLANG_WARN_OBJC_LITERAL_CONVERSION = YES;
				CLANG_WARN_OBJC_ROOT_CLASS = YES_ERROR;
				CLANG_WARN_QUOTED_INCLUDE_IN_FRAMEWORK_HEADER = YES;
				CLANG_WARN_RANGE_LOOP_ANALYSIS = YES;
				CLANG_WARN_STRICT_PROTOTYPES = YES;
				CLANG_WARN_SUSPICIOUS_MOVE = YES;
				CLANG_WARN_UNGUARDED_AVAILABILITY = YES_AGGRESSIVE;
				CLANG_WARN_UNREACHABLE_CODE = YES;
				CLANG_WARN__DUPLICATE_METHOD_MATCH = YES;
				COPY_PHASE_STRIP = NO;
				DEBUG_INFORMATION_FORMAT = dwarf;
				ENABLE_STRICT_OBJC_MSGSEND = YES;
				ENABLE_TESTABILITY = YES;
				GCC_C_LANGUAGE_STANDARD = gnu11;
				GCC_DYNAMIC_NO_PIC = NO;
				GCC_NO_COMMON_BLOCKS = YES;
				GCC_OPTIMIZATION_LEVEL = 0;
				GCC_PREPROCESSOR_DEFINITIONS = (
					"DEBUG=1",
					"$(inherited)",
				);
				GCC_WARN_64_TO_32_BIT_CONVERSION = YES;
				GCC_WARN_ABOUT_RETURN_TYPE = YES_ERROR;
				GCC_WARN_UNDECLARED_SELECTOR = YES;
				GCC_WARN_UNINITIALIZED_AUTOS = YES_AGGRESSIVE;
				GCC_WARN_UNUSED_FUNCTION = YES;
				GCC_WARN_UNUSED_VARIABLE = YES;
				IPHONEOS_DEPLOYMENT_TARGET = 14.4;
				MTL_ENABLE_DEBUG_INFO = INCLUDE_SOURCE;
				MTL_FAST_MATH = YES;
				ONLY_ACTIVE_ARCH = YES;
				SDKROOT = iphoneos;
				SWIFT_ACTIVE_COMPILATION_CONDITIONS = DEBUG;
				SWIFT_OPTIMIZATION_LEVEL = "-Onone";
			};
			name = Debug;
		};
		B7C75791266188DF00B91BD4 /* Release */ = {
			isa = XCBuildConfiguration;
			buildSettings = {
				ALWAYS_SEARCH_USER_PATHS = NO;
				CLANG_ANALYZER_NONNULL = YES;
				CLANG_ANALYZER_NUMBER_OBJECT_CONVERSION = YES_AGGRESSIVE;
				CLANG_CXX_LANGUAGE_STANDARD = "gnu++14";
				CLANG_CXX_LIBRARY = "libc++";
				CLANG_ENABLE_MODULES = YES;
				CLANG_ENABLE_OBJC_ARC = YES;
				CLANG_ENABLE_OBJC_WEAK = YES;
				CLANG_WARN_BLOCK_CAPTURE_AUTORELEASING = YES;
				CLANG_WARN_BOOL_CONVERSION = YES;
				CLANG_WARN_COMMA = YES;
				CLANG_WARN_CONSTANT_CONVERSION = YES;
				CLANG_WARN_DEPRECATED_OBJC_IMPLEMENTATIONS = YES;
				CLANG_WARN_DIRECT_OBJC_ISA_USAGE = YES_ERROR;
				CLANG_WARN_DOCUMENTATION_COMMENTS = YES;
				CLANG_WARN_EMPTY_BODY = YES;
				CLANG_WARN_ENUM_CONVERSION = YES;
				CLANG_WARN_INFINITE_RECURSION = YES;
				CLANG_WARN_INT_CONVERSION = YES;
				CLANG_WARN_NON_LITERAL_NULL_CONVERSION = YES;
				CLANG_WARN_OBJC_IMPLICIT_RETAIN_SELF = YES;
				CLANG_WARN_OBJC_LITERAL_CONVERSION = YES;
				CLANG_WARN_OBJC_ROOT_CLASS = YES_ERROR;
				CLANG_WARN_QUOTED_INCLUDE_IN_FRAMEWORK_HEADER = YES;
				CLANG_WARN_RANGE_LOOP_ANALYSIS = YES;
				CLANG_WARN_STRICT_PROTOTYPES = YES;
				CLANG_WARN_SUSPICIOUS_MOVE = YES;
				CLANG_WARN_UNGUARDED_AVAILABILITY = YES_AGGRESSIVE;
				CLANG_WARN_UNREACHABLE_CODE = YES;
				CLANG_WARN__DUPLICATE_METHOD_MATCH = YES;
				COPY_PHASE_STRIP = NO;
				DEBUG_INFORMATION_FORMAT = "dwarf-with-dsym";
				ENABLE_NS_ASSERTIONS = NO;
				ENABLE_STRICT_OBJC_MSGSEND = YES;
				GCC_C_LANGUAGE_STANDARD = gnu11;
				GCC_NO_COMMON_BLOCKS = YES;
				GCC_WARN_64_TO_32_BIT_CONVERSION = YES;
				GCC_WARN_ABOUT_RETURN_TYPE = YES_ERROR;
				GCC_WARN_UNDECLARED_SELECTOR = YES;
				GCC_WARN_UNINITIALIZED_AUTOS = YES_AGGRESSIVE;
				GCC_WARN_UNUSED_FUNCTION = YES;
				GCC_WARN_UNUSED_VARIABLE = YES;
				IPHONEOS_DEPLOYMENT_TARGET = 14.4;
				MTL_ENABLE_DEBUG_INFO = NO;
				MTL_FAST_MATH = YES;
				SDKROOT = iphoneos;
				SWIFT_COMPILATION_MODE = wholemodule;
				SWIFT_OPTIMIZATION_LEVEL = "-O";
				VALIDATE_PRODUCT = YES;
			};
			name = Release;
		};
		B7C75793266188DF00B91BD4 /* Debug */ = {
			isa = XCBuildConfiguration;
			buildSettings = {
				ASSETCATALOG_COMPILER_APPICON_NAME = AppIcon;
				ASSETCATALOG_COMPILER_GLOBAL_ACCENT_COLOR_NAME = AccentColor;
				CODE_SIGN_STYLE = Automatic;
				DEVELOPMENT_TEAM = 5Y6989TCTS;
				INFOPLIST_FILE = "StoreSearch/Supporting Files/Info.plist";
				IPHONEOS_DEPLOYMENT_TARGET = 14.1;
				LD_RUNPATH_SEARCH_PATHS = (
					"$(inherited)",
					"@executable_path/Frameworks",
				);
				PRODUCT_BUNDLE_IDENTIFIER = com.lightrid.StoreSearch;
				PRODUCT_NAME = "$(TARGET_NAME)";
				SWIFT_VERSION = 5.0;
				TARGETED_DEVICE_FAMILY = "1,2";
			};
			name = Debug;
		};
		B7C75794266188DF00B91BD4 /* Release */ = {
			isa = XCBuildConfiguration;
			buildSettings = {
				ASSETCATALOG_COMPILER_APPICON_NAME = AppIcon;
				ASSETCATALOG_COMPILER_GLOBAL_ACCENT_COLOR_NAME = AccentColor;
				CODE_SIGN_STYLE = Automatic;
				DEVELOPMENT_TEAM = 5Y6989TCTS;
				INFOPLIST_FILE = "StoreSearch/Supporting Files/Info.plist";
				IPHONEOS_DEPLOYMENT_TARGET = 14.1;
				LD_RUNPATH_SEARCH_PATHS = (
					"$(inherited)",
					"@executable_path/Frameworks",
				);
				PRODUCT_BUNDLE_IDENTIFIER = com.lightrid.StoreSearch;
				PRODUCT_NAME = "$(TARGET_NAME)";
				SWIFT_VERSION = 5.0;
				TARGETED_DEVICE_FAMILY = "1,2";
			};
			name = Release;
		};
/* End XCBuildConfiguration section */

/* Begin XCConfigurationList section */
		B7C75779266188DC00B91BD4 /* Build configuration list for PBXProject "StoreSearch" */ = {
			isa = XCConfigurationList;
			buildConfigurations = (
				B7C75790266188DF00B91BD4 /* Debug */,
				B7C75791266188DF00B91BD4 /* Release */,
			);
			defaultConfigurationIsVisible = 0;
			defaultConfigurationName = Release;
		};
		B7C75792266188DF00B91BD4 /* Build configuration list for PBXNativeTarget "StoreSearch" */ = {
			isa = XCConfigurationList;
			buildConfigurations = (
				B7C75793266188DF00B91BD4 /* Debug */,
				B7C75794266188DF00B91BD4 /* Release */,
			);
			defaultConfigurationIsVisible = 0;
			defaultConfigurationName = Release;
		};
/* End XCConfigurationList section */
	};
	rootObject = B7C75776266188DC00B91BD4 /* Project object */;
}
